
Microsoft Visual Studio Solution File, Format Version 12.00
# Visual Studio Version 17
VisualStudioVersion = 17.11.35312.102
MinimumVisualStudioVersion = 10.0.40219.1
Project("{FAE04EC0-301F-11D3-BF4B-00C04F79EFBC}") = "ASPNET_AUTH", "ASPNET_AUTH\ASPNET_AUTH.csproj", "{DFFF51AE-CA36-471C-93AB-5347336FDD44}"
EndProject
Global
	GlobalSection(SolutionConfigurationPlatforms) = preSolution
		Debug|Any CPU = Debug|Any CPU
		Release|Any CPU = Release|Any CPU
	EndGlobalSection
	GlobalSection(ProjectConfigurationPlatforms) = postSolution
		{DFFF51AE-CA36-471C-93AB-5347336FDD44}.Debug|Any CPU.ActiveCfg = Debug|Any CPU
		{DFFF51AE-CA36-471C-93AB-5347336FDD44}.Debug|Any CPU.Build.0 = Debug|Any CPU
		{DFFF51AE-CA36-471C-93AB-5347336FDD44}.Release|Any CPU.ActiveCfg = Release|Any CPU
		{DFFF51AE-CA36-471C-93AB-5347336FDD44}.Release|Any CPU.Build.0 = Release|Any CPU
	EndGlobalSection
	GlobalSection(SolutionProperties) = preSolution
		HideSolutionNode = FALSE
	EndGlobalSection
	GlobalSection(ExtensibilityGlobals) = postSolution
		SolutionGuid = {91119140-7FE7-4A55-8D5B-A335ED68C12B}
	EndGlobalSection
EndGlobal
